
Microsoft Visual Studio Solution File, Format Version 12.00
# Visual Studio Version 16
VisualStudioVersion = 16.0.29519.181
MinimumVisualStudioVersion = 10.0.40219.1
Project("{FAE04EC0-301F-11D3-BF4B-00C04F79EFBC}") = "SBPZelenePovrsineAPI", "SBPZelenePovrsineAPI\SBPZelenePovrsineAPI.csproj", "{9C2188C8-7CC4-47A4-84F1-0EBB9078B545}"
EndProject
Project("{FAE04EC0-301F-11D3-BF4B-00C04F79EFBC}") = "SBPZelenePovrsinePristupBazi", "SBPZelenePovrsinePristupBazi\SBPZelenePovrsinePristupBazi.csproj", "{C905F6B2-6D33-4C19-B5F7-EB2F322E4CEA}"
EndProject
Global
	GlobalSection(SolutionConfigurationPlatforms) = preSolution
		Debug|Any CPU = Debug|Any CPU
		Release|Any CPU = Release|Any CPU
	EndGlobalSection
	GlobalSection(ProjectConfigurationPlatforms) = postSolution
		{9C2188C8-7CC4-47A4-84F1-0EBB9078B545}.Debug|Any CPU.ActiveCfg = Debug|Any CPU
		{9C2188C8-7CC4-47A4-84F1-0EBB9078B545}.Debug|Any CPU.Build.0 = Debug|Any CPU
		{9C2188C8-7CC4-47A4-84F1-0EBB9078B545}.Release|Any CPU.ActiveCfg = Release|Any CPU
		{9C2188C8-7CC4-47A4-84F1-0EBB9078B545}.Release|Any CPU.Build.0 = Release|Any CPU
		{C905F6B2-6D33-4C19-B5F7-EB2F322E4CEA}.Debug|Any CPU.ActiveCfg = Debug|Any CPU
		{C905F6B2-6D33-4C19-B5F7-EB2F322E4CEA}.Debug|Any CPU.Build.0 = Debug|Any CPU
		{C905F6B2-6D33-4C19-B5F7-EB2F322E4CEA}.Release|Any CPU.ActiveCfg = Release|Any CPU
		{C905F6B2-6D33-4C19-B5F7-EB2F322E4CEA}.Release|Any CPU.Build.0 = Release|Any CPU
	EndGlobalSection
	GlobalSection(SolutionProperties) = preSolution
		HideSolutionNode = FALSE
	EndGlobalSection
	GlobalSection(ExtensibilityGlobals) = postSolution
		SolutionGuid = {D54926D3-53DA-4AAF-9EFF-1FA3CED9CFD0}
	EndGlobalSection
EndGlobal
